
Microsoft Visual Studio Solution File, Format Version 12.00
# Visual Studio Version 17
VisualStudioVersion = 17.11.35303.130
MinimumVisualStudioVersion = 10.0.40219.1
Project("{FAE04EC0-301F-11D3-BF4B-00C04F79EFBC}") = "Api_Itau_V2", "Api_Itau_V2.csproj", "{5D1D915A-F592-49C2-BB35-77007C35FD83}"
EndProject
Global
	GlobalSection(SolutionConfigurationPlatforms) = preSolution
		Debug|Any CPU = Debug|Any CPU
		Release|Any CPU = Release|Any CPU
	EndGlobalSection
	GlobalSection(ProjectConfigurationPlatforms) = postSolution
		{5D1D915A-F592-49C2-BB35-77007C35FD83}.Debug|Any CPU.ActiveCfg = Debug|Any CPU
		{5D1D915A-F592-49C2-BB35-77007C35FD83}.Debug|Any CPU.Build.0 = Debug|Any CPU
		{5D1D915A-F592-49C2-BB35-77007C35FD83}.Release|Any CPU.ActiveCfg = Release|Any CPU
		{5D1D915A-F592-49C2-BB35-77007C35FD83}.Release|Any CPU.Build.0 = Release|Any CPU
	EndGlobalSection
	GlobalSection(SolutionProperties) = preSolution
		HideSolutionNode = FALSE
	EndGlobalSection
	GlobalSection(ExtensibilityGlobals) = postSolution
		SolutionGuid = {65046BCE-202A-4753-BDB3-9515BAD811B8}
	EndGlobalSection
EndGlobal
